{
    "_readme": [
        "This file locks the dependencies of your project to a known state",
        "Read more about it at https://getcomposer.org/doc/01-basic-usage.md#composer-lock-the-lock-file",
        "This file is @generated automatically"
    ],
    "content-hash": "37d5f91a4a48f1176922f25d41c919ba",
    "packages": [
        {
            "name": "chanhong/mvclite",
            "version": "dev-master",
            "source": {
                "type": "git",
                "url": "https://github.com/chanhong/mvclite.git",
                "reference": "31c52ebf9c435705a3ed9a2e00cebc32705c35f5"
            },
            "dist": {
                "type": "zip",
                "url": "https://api.github.com/repos/chanhong/mvclite/zipball/31c52ebf9c435705a3ed9a2e00cebc32705c35f5",
                "reference": "31c52ebf9c435705a3ed9a2e00cebc32705c35f5",
                "shasum": ""
            },
            "require": {
                "chanhong/pdolite": "1.0.x-dev",
                "chanhong/phploaderlite": "1.0.x-dev",
                "php": ">=5.3.0"
            },
            "type": "library",
            "extra": {
                "branch-alias": {
                    "dev-master": "1.0-dev"
                }
            },
            "autoload": {
                "psr-4": {
                    "MvcLite\\": "/src"
                }
            },
            "notification-url": "https://packagist.org/downloads/",
            "license": [
                "MIT"
            ],
            "authors": [
                {
                    "name": "Chanh Ong",
                    "homepage": "https://github.com/chanhong"
                }
            ],
            "description": "MVC Lite",
            "keywords": [
                "lite",
                "mvc",
                "mvclite"
            ],
            "time": "2017-07-21T22:13:06+00:00"
        },
        {
            "name": "chanhong/pdolite",
            "version": "dev-master",
            "source": {
                "type": "git",
                "url": "https://github.com/chanhong/pdolite.git",
                "reference": "0dc86cefce57e4b598101e40dcda53d6d3e71cd9"
            },
            "dist": {
                "type": "zip",
                "url": "https://api.github.com/repos/chanhong/pdolite/zipball/0dc86cefce57e4b598101e40dcda53d6d3e71cd9",
                "reference": "0dc86cefce57e4b598101e40dcda53d6d3e71cd9",
                "shasum": ""
            },
            "require": {
                "php": ">=5.3.0"
            },
            "type": "library",
            "extra": {
                "branch-alias": {
                    "dev-master": "1.0-dev"
                }
            },
            "autoload": {
                "psr-4": {
                    "PdoLite\\": "/src"
                }
            },
            "notification-url": "https://packagist.org/downloads/",
            "license": [
                "MIT"
            ],
            "authors": [
                {
                    "name": "Chanh Ong",
                    "homepage": "https://github.com/chanhong"
                }
            ],
            "description": "database lite classes for mysql, sqlsrv, sqlite, odbc, pdo (mysql, sqlite, sqlsrv)",
            "keywords": [
                "db",
                "lite",
                "pdolite"
            ],
            "time": "2017-03-12T23:23:48+00:00"
        },
        {
            "name": "chanhong/phploaderlite",
            "version": "dev-master",
            "source": {
                "type": "git",
                "url": "https://github.com/chanhong/phploaderlite.git",
                "reference": "dee172b62c5ef4f8a9164eb661dcbfbf29d90736"
            },
            "dist": {
                "type": "zip",
                "url": "https://api.github.com/repos/chanhong/phploaderlite/zipball/dee172b62c5ef4f8a9164eb661dcbfbf29d90736",
                "reference": "dee172b62c5ef4f8a9164eb661dcbfbf29d90736",
                "shasum": ""
            },
            "require": {
                "php": ">=5.3.0"
            },
            "type": "library",
            "extra": {
                "branch-alias": {
                    "dev-master": "1.0-dev"
                }
            },
            "autoload": {
                "psr-4": {
                    "PhpLoaderLite\\": "/src"
                }
            },
            "notification-url": "https://packagist.org/downloads/",
            "license": [
                "MIT"
            ],
            "authors": [
                {
                    "name": "Chanh Ong",
                    "homepage": "https://github.com/chanhong"
                }
            ],
            "description": "PHP class auto loader lite",
            "keywords": [
                "lite",
                "loader",
                "phploaderlite"
            ],
            "time": "2017-07-05T21:22:02+00:00"
        },
        {
            "name": "twbs/bootstrap",
            "version": "v3.3.7",
            "source": {
                "type": "git",
                "url": "https://github.com/twbs/bootstrap.git",
                "reference": "0b9c4a4007c44201dce9a6cc1a38407005c26c86"
            },
            "dist": {
                "type": "zip",
                "url": "https://api.github.com/repos/twbs/bootstrap/zipball/0b9c4a4007c44201dce9a6cc1a38407005c26c86",
                "reference": "0b9c4a4007c44201dce9a6cc1a38407005c26c86",
                "shasum": ""
            },
            "replace": {
                "twitter/bootstrap": "self.version"
            },
            "type": "library",
            "extra": {
                "branch-alias": {
                    "dev-master": "3.3.x-dev"
                }
            },
            "notification-url": "https://packagist.org/downloads/",
            "license": [
                "MIT"
            ],
            "authors": [
                {
                    "name": "Jacob Thornton",
                    "email": "jacobthornton@gmail.com"
                },
                {
                    "name": "Mark Otto",
                    "email": "markdotto@gmail.com"
                }
            ],
            "description": "The most popular front-end framework for developing responsive, mobile first projects on the web.",
            "homepage": "http://getbootstrap.com",
            "keywords": [
                "JS",
                "css",
                "framework",
                "front-end",
                "less",
                "mobile-first",
                "responsive",
                "web"
            ],
            "time": "2016-07-25T15:51:55+00:00"
        }
    ],
    "packages-dev": [],
    "aliases": [],
    "minimum-stability": "stable",
    "stability-flags": {
        "chanhong/pdolite": 20,
        "chanhong/phploaderlite": 20,
        "chanhong/mvclite": 20
    },
    "prefer-stable": false,
    "prefer-lowest": false,
    "platform": {
        "php": ">=5.3.0"
    },
    "platform-dev": []
}
